
Microsoft Visual Studio Solution File, Format Version 12.00
# Visual Studio Version 16
VisualStudioVersion = 16.0.29911.98
MinimumVisualStudioVersion = 10.0.40219.1
Project("{FAE04EC0-301F-11D3-BF4B-00C04F79EFBC}") = "DiscordCoreRewards", "DiscordCoreRewards\DiscordCoreRewards.csproj", "{56311B99-8815-4DAC-AD61-6C25DB0F0663}"
EndProject
Global
	GlobalSection(SolutionConfigurationPlatforms) = preSolution
		Debug|Any CPU = Debug|Any CPU
		Release|Any CPU = Release|Any CPU
	EndGlobalSection
	GlobalSection(ProjectConfigurationPlatforms) = postSolution
		{56311B99-8815-4DAC-AD61-6C25DB0F0663}.Debug|Any CPU.ActiveCfg = Debug|Any CPU
		{56311B99-8815-4DAC-AD61-6C25DB0F0663}.Debug|Any CPU.Build.0 = Debug|Any CPU
		{56311B99-8815-4DAC-AD61-6C25DB0F0663}.Release|Any CPU.ActiveCfg = Release|Any CPU
		{56311B99-8815-4DAC-AD61-6C25DB0F0663}.Release|Any CPU.Build.0 = Release|Any CPU
	EndGlobalSection
	GlobalSection(SolutionProperties) = preSolution
		HideSolutionNode = FALSE
	EndGlobalSection
	GlobalSection(ExtensibilityGlobals) = postSolution
		SolutionGuid = {2EE3783B-7619-4C4F-BC06-CBFFA2CBC49A}
	EndGlobalSection
EndGlobal
